
Microsoft Visual Studio Solution File, Format Version 12.00
# Visual Studio Version 17
VisualStudioVersion = 17.7.34031.279
MinimumVisualStudioVersion = 10.0.40219.1
Project("{8BC9CEB8-8B4A-11D0-8D11-00A0C91BC942}") = "OverrideNotation", "OverrideNotation\OverrideNotation.vcxproj", "{D599E261-5CD7-464E-AB9B-A15E3A89E1AC}"
EndProject
Global
	GlobalSection(SolutionConfigurationPlatforms) = preSolution
		Debug|x64 = Debug|x64
		Debug|x86 = Debug|x86
		Release|x64 = Release|x64
		Release|x86 = Release|x86
	EndGlobalSection
	GlobalSection(ProjectConfigurationPlatforms) = postSolution
		{D599E261-5CD7-464E-AB9B-A15E3A89E1AC}.Debug|x64.ActiveCfg = Debug|x64
		{D599E261-5CD7-464E-AB9B-A15E3A89E1AC}.Debug|x64.Build.0 = Debug|x64
		{D599E261-5CD7-464E-AB9B-A15E3A89E1AC}.Debug|x86.ActiveCfg = Debug|Win32
		{D599E261-5CD7-464E-AB9B-A15E3A89E1AC}.Debug|x86.Build.0 = Debug|Win32
		{D599E261-5CD7-464E-AB9B-A15E3A89E1AC}.Release|x64.ActiveCfg = Release|x64
		{D599E261-5CD7-464E-AB9B-A15E3A89E1AC}.Release|x64.Build.0 = Release|x64
		{D599E261-5CD7-464E-AB9B-A15E3A89E1AC}.Release|x86.ActiveCfg = Release|Win32
		{D599E261-5CD7-464E-AB9B-A15E3A89E1AC}.Release|x86.Build.0 = Release|Win32
	EndGlobalSection
	GlobalSection(SolutionProperties) = preSolution
		HideSolutionNode = FALSE
	EndGlobalSection
	GlobalSection(ExtensibilityGlobals) = postSolution
		SolutionGuid = {D3B24D81-5808-4C24-B85B-E0AD7C385C76}
	EndGlobalSection
EndGlobal
